// !$*UTF8*$!
{
	archiveVersion = 1;
	classes = {
	};
	objectVersion = 46;
	objects = {

/* Begin PBXBuildFile section */
		F11856DF1622548C00398592 /* UIKit.framework in Frameworks */ = {isa = PBXBuildFile; fileRef = F11856DE1622548C00398592 /* UIKit.framework */; };
		F11856E11622548C00398592 /* Foundation.framework in Frameworks */ = {isa = PBXBuildFile; fileRef = F11856E01622548C00398592 /* Foundation.framework */; };
		F11856E31622548C00398592 /* CoreGraphics.framework in Frameworks */ = {isa = PBXBuildFile; fileRef = F11856E21622548C00398592 /* CoreGraphics.framework */; };
		F11856E91622548C00398592 /* InfoPlist.strings in Resources */ = {isa = PBXBuildFile; fileRef = F11856E71622548C00398592 /* InfoPlist.strings */; };
		F11856EB1622548C00398592 /* main.m in Sources */ = {isa = PBXBuildFile; fileRef = F11856EA1622548C00398592 /* main.m */; };
		F11856EF1622548C00398592 /* PlacesAppDelegate.m in Sources */ = {isa = PBXBuildFile; fileRef = F11856EE1622548C00398592 /* PlacesAppDelegate.m */; };
		F11856F11622548C00398592 /* Default.png in Resources */ = {isa = PBXBuildFile; fileRef = F11856F01622548C00398592 /* Default.png */; };
		F11856F31622548C00398592 /* Default@2x.png in Resources */ = {isa = PBXBuildFile; fileRef = F11856F21622548C00398592 /* Default@2x.png */; };
		F11856F51622548C00398592 /* Default-568h@2x.png in Resources */ = {isa = PBXBuildFile; fileRef = F11856F41622548C00398592 /* Default-568h@2x.png */; };
		F118570A1622687300398592 /* TopPlacesViewController.m in Sources */ = {isa = PBXBuildFile; fileRef = F11857091622687300398592 /* TopPlacesViewController.m */; };
		F131F675162506E80009CB77 /* FlickrFetcher.m in Sources */ = {isa = PBXBuildFile; fileRef = F131F674162506E80009CB77 /* FlickrFetcher.m */; };
		F131F6C31629F6A00009CB77 /* DestinationTableViewController.m in Sources */ = {isa = PBXBuildFile; fileRef = F131F6C21629F6A00009CB77 /* DestinationTableViewController.m */; };
		F131F6D2162A0CCB0009CB77 /* iPhone.storyboard in Resources */ = {isa = PBXBuildFile; fileRef = F131F6D1162A0CCB0009CB77 /* iPhone.storyboard */; };
		F131F6D5162A7BB80009CB77 /* ImageViewController.m in Sources */ = {isa = PBXBuildFile; fileRef = F131F6D4162A7BB80009CB77 /* ImageViewController.m */; };
		F131F6EA162B9CA80009CB77 /* RecentTableViewController.m in Sources */ = {isa = PBXBuildFile; fileRef = F131F6E9162B9CA70009CB77 /* RecentTableViewController.m */; };
		F15236E3167F022E00BFF917 /* MapKit.framework in Frameworks */ = {isa = PBXBuildFile; fileRef = F15236E2167F022E00BFF917 /* MapKit.framework */; };
		F1A3F050169137FF0056AF94 /* ItiniaryTableViewController.m in Sources */ = {isa = PBXBuildFile; fileRef = F1A3F04F169137FE0056AF94 /* ItiniaryTableViewController.m */; };
		F1B3B3FE1688F44700A523D4 /* VacationDetailViewController.m in Sources */ = {isa = PBXBuildFile; fileRef = F1B3B3FD1688F44700A523D4 /* VacationDetailViewController.m */; };
		F1B3B4021688F47300A523D4 /* CoreDataTableViewController.m in Sources */ = {isa = PBXBuildFile; fileRef = F1B3B4011688F47300A523D4 /* CoreDataTableViewController.m */; };
		F1B3B4051688F55A00A523D4 /* MyVacationsTableViewController.m in Sources */ = {isa = PBXBuildFile; fileRef = F1B3B4041688F55A00A523D4 /* MyVacationsTableViewController.m */; };
		F1B3B40C16891D9700A523D4 /* Model.xcdatamodeld in Sources */ = {isa = PBXBuildFile; fileRef = F1B3B40A16891D9700A523D4 /* Model.xcdatamodeld */; };
		F1B3B440168A5A5200A523D4 /* Photo+Flickr.m in Sources */ = {isa = PBXBuildFile; fileRef = F1B3B43F168A5A5100A523D4 /* Photo+Flickr.m */; };
		F1B3B444168AAD6600A523D4 /* Place+Create.m in Sources */ = {isa = PBXBuildFile; fileRef = F1B3B443168AAD6600A523D4 /* Place+Create.m */; };
		F1B3B447168AAD9900A523D4 /* Tag+Create.m in Sources */ = {isa = PBXBuildFile; fileRef = F1B3B446168AAD9900A523D4 /* Tag+Create.m */; };
		F1B3B487168AC97C00A523D4 /* Tag.m in Sources */ = {isa = PBXBuildFile; fileRef = F1B3B486168AC97C00A523D4 /* Tag.m */; };
		F1B3B48A168AC97D00A523D4 /* Photo.m in Sources */ = {isa = PBXBuildFile; fileRef = F1B3B489168AC97D00A523D4 /* Photo.m */; };
		F1B3B48D168AC97D00A523D4 /* Place.m in Sources */ = {isa = PBXBuildFile; fileRef = F1B3B48C168AC97D00A523D4 /* Place.m */; };
		F1B3B48F168B93A600A523D4 /* CoreData.framework in Frameworks */ = {isa = PBXBuildFile; fileRef = F1B3B48E168B93A500A523D4 /* CoreData.framework */; };
		F1C94FF916862CA70096F327 /* readme.txt in Resources */ = {isa = PBXBuildFile; fileRef = F1C94FF816862CA70096F327 /* readme.txt */; };
		F1D0B564167DAA1800F2CAE4 /* FlickrPhotoAnnotation.m in Sources */ = {isa = PBXBuildFile; fileRef = F1D0B563167DAA1800F2CAE4 /* FlickrPhotoAnnotation.m */; };
		F1D0B567167E4ACF00F2CAE4 /* MapViewController.m in Sources */ = {isa = PBXBuildFile; fileRef = F1D0B566167E4ACE00F2CAE4 /* MapViewController.m */; };
		F1F6B22316325A4E009BD9B7 /* DiskCache.m in Sources */ = {isa = PBXBuildFile; fileRef = F1F6B22216325A4E009BD9B7 /* DiskCache.m */; };
/* End PBXBuildFile section */

/* Begin PBXFileReference section */
		F11856DA1622548C00398592 /* Places.app */ = {isa = PBXFileReference; explicitFileType = wrapper.application; includeInIndex = 0; path = Places.app; sourceTree = BUILT_PRODUCTS_DIR; };
		F11856DE1622548C00398592 /* UIKit.framework */ = {isa = PBXFileReference; lastKnownFileType = wrapper.framework; name = UIKit.framework; path = System/Library/Frameworks/UIKit.framework; sourceTree = SDKROOT; };
		F11856E01622548C00398592 /* Foundation.framework */ = {isa = PBXFileReference; lastKnownFileType = wrapper.framework; name = Foundation.framework; path = System/Library/Frameworks/Foundation.framework; sourceTree = SDKROOT; };
		F11856E21622548C00398592 /* CoreGraphics.framework */ = {isa = PBXFileReference; lastKnownFileType = wrapper.framework; name = CoreGraphics.framework; path = System/Library/Frameworks/CoreGraphics.framework; sourceTree = SDKROOT; };
		F11856E61622548C00398592 /* Places-Info.plist */ = {isa = PBXFileReference; lastKnownFileType = text.plist.xml; path = "Places-Info.plist"; sourceTree = "<group>"; };
		F11856E81622548C00398592 /* en */ = {isa = PBXFileReference; lastKnownFileType = text.plist.strings; name = en; path = en.lproj/InfoPlist.strings; sourceTree = "<group>"; };
		F11856EA1622548C00398592 /* main.m */ = {isa = PBXFileReference; lastKnownFileType = sourcecode.c.objc; path = main.m; sourceTree = "<group>"; };
		F11856EC1622548C00398592 /* Places-Prefix.pch */ = {isa = PBXFileReference; lastKnownFileType = sourcecode.c.h; path = "Places-Prefix.pch"; sourceTree = "<group>"; };
		F11856ED1622548C00398592 /* PlacesAppDelegate.h */ = {isa = PBXFileReference; lastKnownFileType = sourcecode.c.h; path = PlacesAppDelegate.h; sourceTree = "<group>"; };
		F11856EE1622548C00398592 /* PlacesAppDelegate.m */ = {isa = PBXFileReference; lastKnownFileType = sourcecode.c.objc; path = PlacesAppDelegate.m; sourceTree = "<group>"; };
		F11856F01622548C00398592 /* Default.png */ = {isa = PBXFileReference; lastKnownFileType = image.png; path = Default.png; sourceTree = "<group>"; };
		F11856F21622548C00398592 /* Default@2x.png */ = {isa = PBXFileReference; lastKnownFileType = image.png; path = "Default@2x.png"; sourceTree = "<group>"; };
		F11856F41622548C00398592 /* Default-568h@2x.png */ = {isa = PBXFileReference; lastKnownFileType = image.png; path = "Default-568h@2x.png"; sourceTree = "<group>"; };
		F11857081622687300398592 /* TopPlacesViewController.h */ = {isa = PBXFileReference; fileEncoding = 4; lastKnownFileType = sourcecode.c.h; path = TopPlacesViewController.h; sourceTree = "<group>"; };
		F11857091622687300398592 /* TopPlacesViewController.m */ = {isa = PBXFileReference; fileEncoding = 4; lastKnownFileType = sourcecode.c.objc; path = TopPlacesViewController.m; sourceTree = "<group>"; };
		F131F672162506E80009CB77 /* FlickrAPIKey.h */ = {isa = PBXFileReference; fileEncoding = 4; lastKnownFileType = sourcecode.c.h; path = FlickrAPIKey.h; sourceTree = "<group>"; };
		F131F673162506E80009CB77 /* FlickrFetcher.h */ = {isa = PBXFileReference; fileEncoding = 4; lastKnownFileType = sourcecode.c.h; path = FlickrFetcher.h; sourceTree = "<group>"; };
		F131F674162506E80009CB77 /* FlickrFetcher.m */ = {isa = PBXFileReference; fileEncoding = 4; lastKnownFileType = sourcecode.c.objc; path = FlickrFetcher.m; sourceTree = "<group>"; };
		F131F6C11629F6A00009CB77 /* DestinationTableViewController.h */ = {isa = PBXFileReference; fileEncoding = 4; lastKnownFileType = sourcecode.c.h; path = DestinationTableViewController.h; sourceTree = "<group>"; };
		F131F6C21629F6A00009CB77 /* DestinationTableViewController.m */ = {isa = PBXFileReference; fileEncoding = 4; lastKnownFileType = sourcecode.c.objc; path = DestinationTableViewController.m; sourceTree = "<group>"; };
		F131F6D1162A0CCB0009CB77 /* iPhone.storyboard */ = {isa = PBXFileReference; fileEncoding = 4; lastKnownFileType = file.storyboard; path = iPhone.storyboard; sourceTree = "<group>"; };
		F131F6D3162A7BB80009CB77 /* ImageViewController.h */ = {isa = PBXFileReference; fileEncoding = 4; lastKnownFileType = sourcecode.c.h; path = ImageViewController.h; sourceTree = "<group>"; };
		F131F6D4162A7BB80009CB77 /* ImageViewController.m */ = {isa = PBXFileReference; fileEncoding = 4; lastKnownFileType = sourcecode.c.objc; path = ImageViewController.m; sourceTree = "<group>"; };
		F131F6E8162B9CA70009CB77 /* RecentTableViewController.h */ = {isa = PBXFileReference; fileEncoding = 4; lastKnownFileType = sourcecode.c.h; path = RecentTableViewController.h; sourceTree = "<group>"; };
		F131F6E9162B9CA70009CB77 /* RecentTableViewController.m */ = {isa = PBXFileReference; fileEncoding = 4; lastKnownFileType = sourcecode.c.objc; path = RecentTableViewController.m; sourceTree = "<group>"; };
		F15236E2167F022E00BFF917 /* MapKit.framework */ = {isa = PBXFileReference; lastKnownFileType = wrapper.framework; name = MapKit.framework; path = System/Library/Frameworks/MapKit.framework; sourceTree = SDKROOT; };
		F1A3F04E169137FE0056AF94 /* ItiniaryTableViewController.h */ = {isa = PBXFileReference; fileEncoding = 4; lastKnownFileType = sourcecode.c.h; path = ItiniaryTableViewController.h; sourceTree = "<group>"; };
		F1A3F04F169137FE0056AF94 /* ItiniaryTableViewController.m */ = {isa = PBXFileReference; fileEncoding = 4; lastKnownFileType = sourcecode.c.objc; path = ItiniaryTableViewController.m; sourceTree = "<group>"; };
		F1B3B3FC1688F44700A523D4 /* VacationDetailViewController.h */ = {isa = PBXFileReference; fileEncoding = 4; lastKnownFileType = sourcecode.c.h; path = VacationDetailViewController.h; sourceTree = "<group>"; };
		F1B3B3FD1688F44700A523D4 /* VacationDetailViewController.m */ = {isa = PBXFileReference; fileEncoding = 4; lastKnownFileType = sourcecode.c.objc; path = VacationDetailViewController.m; sourceTree = "<group>"; };
		F1B3B4001688F47200A523D4 /* CoreDataTableViewController.h */ = {isa = PBXFileReference; fileEncoding = 4; lastKnownFileType = sourcecode.c.h; path = CoreDataTableViewController.h; sourceTree = "<group>"; };
		F1B3B4011688F47300A523D4 /* CoreDataTableViewController.m */ = {isa = PBXFileReference; fileEncoding = 4; lastKnownFileType = sourcecode.c.objc; path = CoreDataTableViewController.m; sourceTree = "<group>"; };
		F1B3B4031688F55A00A523D4 /* MyVacationsTableViewController.h */ = {isa = PBXFileReference; fileEncoding = 4; lastKnownFileType = sourcecode.c.h; path = MyVacationsTableViewController.h; sourceTree = "<group>"; };
		F1B3B4041688F55A00A523D4 /* MyVacationsTableViewController.m */ = {isa = PBXFileReference; fileEncoding = 4; lastKnownFileType = sourcecode.c.objc; path = MyVacationsTableViewController.m; sourceTree = "<group>"; };
		F1B3B40B16891D9700A523D4 /* Model.xcdatamodel */ = {isa = PBXFileReference; lastKnownFileType = wrapper.xcdatamodel; path = Model.xcdatamodel; sourceTree = "<group>"; };
		F1B3B43E168A5A5100A523D4 /* Photo+Flickr.h */ = {isa = PBXFileReference; fileEncoding = 4; lastKnownFileType = sourcecode.c.h; path = "Photo+Flickr.h"; sourceTree = "<group>"; };
		F1B3B43F168A5A5100A523D4 /* Photo+Flickr.m */ = {isa = PBXFileReference; fileEncoding = 4; lastKnownFileType = sourcecode.c.objc; path = "Photo+Flickr.m"; sourceTree = "<group>"; };
		F1B3B442168AAD6500A523D4 /* Place+Create.h */ = {isa = PBXFileReference; fileEncoding = 4; lastKnownFileType = sourcecode.c.h; path = "Place+Create.h"; sourceTree = "<group>"; };
		F1B3B443168AAD6600A523D4 /* Place+Create.m */ = {isa = PBXFileReference; fileEncoding = 4; lastKnownFileType = sourcecode.c.objc; path = "Place+Create.m"; sourceTree = "<group>"; };
		F1B3B445168AAD9900A523D4 /* Tag+Create.h */ = {isa = PBXFileReference; fileEncoding = 4; lastKnownFileType = sourcecode.c.h; path = "Tag+Create.h"; sourceTree = "<group>"; };
		F1B3B446168AAD9900A523D4 /* Tag+Create.m */ = {isa = PBXFileReference; fileEncoding = 4; lastKnownFileType = sourcecode.c.objc; path = "Tag+Create.m"; sourceTree = "<group>"; };
		F1B3B485168AC97B00A523D4 /* Tag.h */ = {isa = PBXFileReference; fileEncoding = 4; lastKnownFileType = sourcecode.c.h; path = Tag.h; sourceTree = "<group>"; };
		F1B3B486168AC97C00A523D4 /* Tag.m */ = {isa = PBXFileReference; fileEncoding = 4; lastKnownFileType = sourcecode.c.objc; path = Tag.m; sourceTree = "<group>"; };
		F1B3B488168AC97C00A523D4 /* Photo.h */ = {isa = PBXFileReference; fileEncoding = 4; lastKnownFileType = sourcecode.c.h; path = Photo.h; sourceTree = "<group>"; };
		F1B3B489168AC97D00A523D4 /* Photo.m */ = {isa = PBXFileReference; fileEncoding = 4; lastKnownFileType = sourcecode.c.objc; path = Photo.m; sourceTree = "<group>"; };
		F1B3B48B168AC97D00A523D4 /* Place.h */ = {isa = PBXFileReference; fileEncoding = 4; lastKnownFileType = sourcecode.c.h; path = Place.h; sourceTree = "<group>"; };
		F1B3B48C168AC97D00A523D4 /* Place.m */ = {isa = PBXFileReference; fileEncoding = 4; lastKnownFileType = sourcecode.c.objc; path = Place.m; sourceTree = "<group>"; };
		F1B3B48E168B93A500A523D4 /* CoreData.framework */ = {isa = PBXFileReference; lastKnownFileType = wrapper.framework; name = CoreData.framework; path = System/Library/Frameworks/CoreData.framework; sourceTree = SDKROOT; };
		F1C94FF816862CA70096F327 /* readme.txt */ = {isa = PBXFileReference; fileEncoding = 4; lastKnownFileType = text; path = readme.txt; sourceTree = "<group>"; };
		F1D0B562167DAA1800F2CAE4 /* FlickrPhotoAnnotation.h */ = {isa = PBXFileReference; fileEncoding = 4; lastKnownFileType = sourcecode.c.h; path = FlickrPhotoAnnotation.h; sourceTree = "<group>"; };
		F1D0B563167DAA1800F2CAE4 /* FlickrPhotoAnnotation.m */ = {isa = PBXFileReference; fileEncoding = 4; lastKnownFileType = sourcecode.c.objc; path = FlickrPhotoAnnotation.m; sourceTree = "<group>"; };
		F1D0B565167E4ACE00F2CAE4 /* MapViewController.h */ = {isa = PBXFileReference; fileEncoding = 4; lastKnownFileType = sourcecode.c.h; path = MapViewController.h; sourceTree = "<group>"; };
		F1D0B566167E4ACE00F2CAE4 /* MapViewController.m */ = {isa = PBXFileReference; fileEncoding = 4; lastKnownFileType = sourcecode.c.objc; path = MapViewController.m; sourceTree = "<group>"; };
		F1F6B22116325A4E009BD9B7 /* DiskCache.h */ = {isa = PBXFileReference; fileEncoding = 4; lastKnownFileType = sourcecode.c.h; path = DiskCache.h; sourceTree = "<group>"; };
		F1F6B22216325A4E009BD9B7 /* DiskCache.m */ = {isa = PBXFileReference; fileEncoding = 4; lastKnownFileType = sourcecode.c.objc; path = DiskCache.m; sourceTree = "<group>"; };
/* End PBXFileReference section */

/* Begin PBXFrameworksBuildPhase section */
		F11856D71622548C00398592 /* Frameworks */ = {
			isa = PBXFrameworksBuildPhase;
			buildActionMask = 2147483647;
			files = (
				F1B3B48F168B93A600A523D4 /* CoreData.framework in Frameworks */,
				F15236E3167F022E00BFF917 /* MapKit.framework in Frameworks */,
				F11856DF1622548C00398592 /* UIKit.framework in Frameworks */,
				F11856E11622548C00398592 /* Foundation.framework in Frameworks */,
				F11856E31622548C00398592 /* CoreGraphics.framework in Frameworks */,
			);
			runOnlyForDeploymentPostprocessing = 0;
		};
/* End PBXFrameworksBuildPhase section */

/* Begin PBXGroup section */
		F11856CF1622548C00398592 = {
			isa = PBXGroup;
			children = (
				F1B3B48E168B93A500A523D4 /* CoreData.framework */,
				F11856E41622548C00398592 /* Places */,
				F11856DD1622548C00398592 /* Frameworks */,
				F11856DB1622548C00398592 /* Products */,
			);
			sourceTree = "<group>";
		};
		F11856DB1622548C00398592 /* Products */ = {
			isa = PBXGroup;
			children = (
				F11856DA1622548C00398592 /* Places.app */,
			);
			name = Products;
			sourceTree = "<group>";
		};
		F11856DD1622548C00398592 /* Frameworks */ = {
			isa = PBXGroup;
			children = (
				F15236E2167F022E00BFF917 /* MapKit.framework */,
				F11856DE1622548C00398592 /* UIKit.framework */,
				F11856E01622548C00398592 /* Foundation.framework */,
				F11856E21622548C00398592 /* CoreGraphics.framework */,
			);
			name = Frameworks;
			sourceTree = "<group>";
		};
		F11856E41622548C00398592 /* Places */ = {
			isa = PBXGroup;
			children = (
				F1B3B441168A5A6300A523D4 /* CoreData */,
				F131F6B71629E87D0009CB77 /* TopPlaces */,
				F131F6B51629E8640009CB77 /* FlickrFetcher */,
				F11856E51622548C00398592 /* Supporting Files */,
			);
			path = Places;
			sourceTree = "<group>";
		};
		F11856E51622548C00398592 /* Supporting Files */ = {
			isa = PBXGroup;
			children = (
				F11856ED1622548C00398592 /* PlacesAppDelegate.h */,
				F11856EE1622548C00398592 /* PlacesAppDelegate.m */,
				F11856E61622548C00398592 /* Places-Info.plist */,
				F11856E71622548C00398592 /* InfoPlist.strings */,
				F11856EA1622548C00398592 /* main.m */,
				F11856EC1622548C00398592 /* Places-Prefix.pch */,
				F11856F01622548C00398592 /* Default.png */,
				F11856F21622548C00398592 /* Default@2x.png */,
				F11856F41622548C00398592 /* Default-568h@2x.png */,
			);
			name = "Supporting Files";
			sourceTree = "<group>";
		};
		F131F6B51629E8640009CB77 /* FlickrFetcher */ = {
			isa = PBXGroup;
			children = (
				F131F672162506E80009CB77 /* FlickrAPIKey.h */,
				F1D0B562167DAA1800F2CAE4 /* FlickrPhotoAnnotation.h */,
				F1D0B563167DAA1800F2CAE4 /* FlickrPhotoAnnotation.m */,
				F131F673162506E80009CB77 /* FlickrFetcher.h */,
				F131F674162506E80009CB77 /* FlickrFetcher.m */,
			);
			name = FlickrFetcher;
			sourceTree = "<group>";
		};
		F131F6B71629E87D0009CB77 /* TopPlaces */ = {
			isa = PBXGroup;
			children = (
				F131F6D1162A0CCB0009CB77 /* iPhone.storyboard */,
				F1B3B40A16891D9700A523D4 /* Model.xcdatamodeld */,
				F1B3B4001688F47200A523D4 /* CoreDataTableViewController.h */,
				F1B3B4011688F47300A523D4 /* CoreDataTableViewController.m */,
				F1B3B3FC1688F44700A523D4 /* VacationDetailViewController.h */,
				F1B3B3FD1688F44700A523D4 /* VacationDetailViewController.m */,
				F1A3F04E169137FE0056AF94 /* ItiniaryTableViewController.h */,
				F1A3F04F169137FE0056AF94 /* ItiniaryTableViewController.m */,
				F1B3B4031688F55A00A523D4 /* MyVacationsTableViewController.h */,
				F1B3B4041688F55A00A523D4 /* MyVacationsTableViewController.m */,
				F1F6B22116325A4E009BD9B7 /* DiskCache.h */,
				F1F6B22216325A4E009BD9B7 /* DiskCache.m */,
				F131F6E8162B9CA70009CB77 /* RecentTableViewController.h */,
				F131F6E9162B9CA70009CB77 /* RecentTableViewController.m */,
				F1D0B565167E4ACE00F2CAE4 /* MapViewController.h */,
				F1D0B566167E4ACE00F2CAE4 /* MapViewController.m */,
				F131F6D3162A7BB80009CB77 /* ImageViewController.h */,
				F131F6D4162A7BB80009CB77 /* ImageViewController.m */,
				F131F6C11629F6A00009CB77 /* DestinationTableViewController.h */,
				F131F6C21629F6A00009CB77 /* DestinationTableViewController.m */,
				F11857081622687300398592 /* TopPlacesViewController.h */,
				F11857091622687300398592 /* TopPlacesViewController.m */,
				F1C94FF816862CA70096F327 /* readme.txt */,
			);
			name = TopPlaces;
			sourceTree = "<group>";
		};
		F1B3B441168A5A6300A523D4 /* CoreData */ = {
			isa = PBXGroup;
			children = (
				F1B3B48B168AC97D00A523D4 /* Place.h */,
				F1B3B48C168AC97D00A523D4 /* Place.m */,
				F1B3B488168AC97C00A523D4 /* Photo.h */,
				F1B3B489168AC97D00A523D4 /* Photo.m */,
				F1B3B485168AC97B00A523D4 /* Tag.h */,
				F1B3B486168AC97C00A523D4 /* Tag.m */,
				F1B3B445168AAD9900A523D4 /* Tag+Create.h */,
				F1B3B446168AAD9900A523D4 /* Tag+Create.m */,
				F1B3B43E168A5A5100A523D4 /* Photo+Flickr.h */,
				F1B3B43F168A5A5100A523D4 /* Photo+Flickr.m */,
				F1B3B442168AAD6500A523D4 /* Place+Create.h */,
				F1B3B443168AAD6600A523D4 /* Place+Create.m */,
			);
			name = CoreData;
			sourceTree = "<group>";
		};
/* End PBXGroup section */

/* Begin PBXNativeTarget section */
		F11856D91622548C00398592 /* Places */ = {
			isa = PBXNativeTarget;
			buildConfigurationList = F11857011622548C00398592 /* Build configuration list for PBXNativeTarget "Places" */;
			buildPhases = (
				F11856D61622548C00398592 /* Sources */,
				F11856D71622548C00398592 /* Frameworks */,
				F11856D81622548C00398592 /* Resources */,
			);
			buildRules = (
			);
			dependencies = (
			);
			name = Places;
			productName = Places;
			productReference = F11856DA1622548C00398592 /* Places.app */;
			productType = "com.apple.product-type.application";
		};
/* End PBXNativeTarget section */

/* Begin PBXProject section */
		F11856D11622548C00398592 /* Project object */ = {
			isa = PBXProject;
			attributes = {
				CLASSPREFIX = Places;
				LastUpgradeCheck = 0450;
				ORGANIZATIONNAME = "Pat Boyle";
			};
			buildConfigurationList = F11856D41622548C00398592 /* Build configuration list for PBXProject "Places" */;
			compatibilityVersion = "Xcode 3.2";
			developmentRegion = English;
			hasScannedForEncodings = 0;
			knownRegions = (
				en,
			);
			mainGroup = F11856CF1622548C00398592;
			productRefGroup = F11856DB1622548C00398592 /* Products */;
			projectDirPath = "";
			projectRoot = "";
			targets = (
				F11856D91622548C00398592 /* Places */,
			);
		};
/* End PBXProject section */

/* Begin PBXResourcesBuildPhase section */
		F11856D81622548C00398592 /* Resources */ = {
			isa = PBXResourcesBuildPhase;
			buildActionMask = 2147483647;
			files = (
				F11856E91622548C00398592 /* InfoPlist.strings in Resources */,
				F11856F11622548C00398592 /* Default.png in Resources */,
				F11856F31622548C00398592 /* Default@2x.png in Resources */,
				F11856F51622548C00398592 /* Default-568h@2x.png in Resources */,
				F131F6D2162A0CCB0009CB77 /* iPhone.storyboard in Resources */,
				F1C94FF916862CA70096F327 /* readme.txt in Resources */,
			);
			runOnlyForDeploymentPostprocessing = 0;
		};
/* End PBXResourcesBuildPhase section */

/* Begin PBXSourcesBuildPhase section */
		F11856D61622548C00398592 /* Sources */ = {
			isa = PBXSourcesBuildPhase;
			buildActionMask = 2147483647;
			files = (
				F11856EB1622548C00398592 /* main.m in Sources */,
				F11856EF1622548C00398592 /* PlacesAppDelegate.m in Sources */,
				F118570A1622687300398592 /* TopPlacesViewController.m in Sources */,
				F131F675162506E80009CB77 /* FlickrFetcher.m in Sources */,
				F131F6C31629F6A00009CB77 /* DestinationTableViewController.m in Sources */,
				F131F6D5162A7BB80009CB77 /* ImageViewController.m in Sources */,
				F131F6EA162B9CA80009CB77 /* RecentTableViewController.m in Sources */,
				F1F6B22316325A4E009BD9B7 /* DiskCache.m in Sources */,
				F1D0B564167DAA1800F2CAE4 /* FlickrPhotoAnnotation.m in Sources */,
				F1D0B567167E4ACF00F2CAE4 /* MapViewController.m in Sources */,
				F1B3B3FE1688F44700A523D4 /* VacationDetailViewController.m in Sources */,
				F1B3B4021688F47300A523D4 /* CoreDataTableViewController.m in Sources */,
				F1B3B4051688F55A00A523D4 /* MyVacationsTableViewController.m in Sources */,
				F1B3B40C16891D9700A523D4 /* Model.xcdatamodeld in Sources */,
				F1B3B440168A5A5200A523D4 /* Photo+Flickr.m in Sources */,
				F1B3B444168AAD6600A523D4 /* Place+Create.m in Sources */,
				F1B3B447168AAD9900A523D4 /* Tag+Create.m in Sources */,
				F1B3B487168AC97C00A523D4 /* Tag.m in Sources */,
				F1B3B48A168AC97D00A523D4 /* Photo.m in Sources */,
				F1B3B48D168AC97D00A523D4 /* Place.m in Sources */,
				F1A3F050169137FF0056AF94 /* ItiniaryTableViewController.m in Sources */,
			);
			runOnlyForDeploymentPostprocessing = 0;
		};
/* End PBXSourcesBuildPhase section */

/* Begin PBXVariantGroup section */
		F11856E71622548C00398592 /* InfoPlist.strings */ = {
			isa = PBXVariantGroup;
			children = (
				F11856E81622548C00398592 /* en */,
			);
			name = InfoPlist.strings;
			sourceTree = "<group>";
		};
/* End PBXVariantGroup section */

/* Begin XCBuildConfiguration section */
		F11856FF1622548C00398592 /* Debug */ = {
			isa = XCBuildConfiguration;
			buildSettings = {
				ALWAYS_SEARCH_USER_PATHS = NO;
				CLANG_CXX_LANGUAGE_STANDARD = "gnu++0x";
				CLANG_CXX_LIBRARY = "libc++";
				CLANG_ENABLE_OBJC_ARC = YES;
				CLANG_WARN_EMPTY_BODY = YES;
				CLANG_WARN__DUPLICATE_METHOD_MATCH = YES;
				"CODE_SIGN_IDENTITY[sdk=iphoneos*]" = "iPhone Developer";
				COPY_PHASE_STRIP = NO;
				GCC_C_LANGUAGE_STANDARD = gnu99;
				GCC_DYNAMIC_NO_PIC = NO;
				GCC_OPTIMIZATION_LEVEL = 0;
				GCC_PREPROCESSOR_DEFINITIONS = (
					"DEBUG=1",
					"$(inherited)",
				);
				GCC_SYMBOLS_PRIVATE_EXTERN = NO;
				GCC_WARN_ABOUT_RETURN_TYPE = YES;
				GCC_WARN_UNINITIALIZED_AUTOS = YES;
				GCC_WARN_UNUSED_VARIABLE = YES;
				IPHONEOS_DEPLOYMENT_TARGET = 6.0;
				SDKROOT = iphoneos;
				TARGETED_DEVICE_FAMILY = "1,2";
			};
			name = Debug;
		};
		F11857001622548C00398592 /* Release */ = {
			isa = XCBuildConfiguration;
			buildSettings = {
				ALWAYS_SEARCH_USER_PATHS = NO;
				CLANG_CXX_LANGUAGE_STANDARD = "gnu++0x";
				CLANG_CXX_LIBRARY = "libc++";
				CLANG_ENABLE_OBJC_ARC = YES;
				CLANG_WARN_EMPTY_BODY = YES;
				CLANG_WARN__DUPLICATE_METHOD_MATCH = YES;
				"CODE_SIGN_IDENTITY[sdk=iphoneos*]" = "iPhone Developer";
				COPY_PHASE_STRIP = YES;
				GCC_C_LANGUAGE_STANDARD = gnu99;
				GCC_WARN_ABOUT_RETURN_TYPE = YES;
				GCC_WARN_UNINITIALIZED_AUTOS = YES;
				GCC_WARN_UNUSED_VARIABLE = YES;
				IPHONEOS_DEPLOYMENT_TARGET = 6.0;
				OTHER_CFLAGS = "-DNS_BLOCK_ASSERTIONS=1";
				SDKROOT = iphoneos;
				TARGETED_DEVICE_FAMILY = "1,2";
				VALIDATE_PRODUCT = YES;
			};
			name = Release;
		};
		F11857021622548C00398592 /* Debug */ = {
			isa = XCBuildConfiguration;
			buildSettings = {
				GCC_PRECOMPILE_PREFIX_HEADER = YES;
				GCC_PREFIX_HEADER = "Places/Places-Prefix.pch";
				INFOPLIST_FILE = "Places/Places-Info.plist";
				IPHONEOS_DEPLOYMENT_TARGET = 5.0;
				PRODUCT_NAME = "$(TARGET_NAME)";
				WRAPPER_EXTENSION = app;
			};
			name = Debug;
		};
		F11857031622548C00398592 /* Release */ = {
			isa = XCBuildConfiguration;
			buildSettings = {
				GCC_PRECOMPILE_PREFIX_HEADER = YES;
				GCC_PREFIX_HEADER = "Places/Places-Prefix.pch";
				INFOPLIST_FILE = "Places/Places-Info.plist";
				IPHONEOS_DEPLOYMENT_TARGET = 5.0;
				PRODUCT_NAME = "$(TARGET_NAME)";
				WRAPPER_EXTENSION = app;
			};
			name = Release;
		};
/* End XCBuildConfiguration section */

/* Begin XCConfigurationList section */
		F11856D41622548C00398592 /* Build configuration list for PBXProject "Places" */ = {
			isa = XCConfigurationList;
			buildConfigurations = (
				F11856FF1622548C00398592 /* Debug */,
				F11857001622548C00398592 /* Release */,
			);
			defaultConfigurationIsVisible = 0;
			defaultConfigurationName = Release;
		};
		F11857011622548C00398592 /* Build configuration list for PBXNativeTarget "Places" */ = {
			isa = XCConfigurationList;
			buildConfigurations = (
				F11857021622548C00398592 /* Debug */,
				F11857031622548C00398592 /* Release */,
			);
			defaultConfigurationIsVisible = 0;
			defaultConfigurationName = Release;
		};
/* End XCConfigurationList section */

/* Begin XCVersionGroup section */
		F1B3B40A16891D9700A523D4 /* Model.xcdatamodeld */ = {
			isa = XCVersionGroup;
			children = (
				F1B3B40B16891D9700A523D4 /* Model.xcdatamodel */,
			);
			currentVersion = F1B3B40B16891D9700A523D4 /* Model.xcdatamodel */;
			path = Model.xcdatamodeld;
			sourceTree = "<group>";
			versionGroupType = wrapper.xcdatamodel;
		};
/* End XCVersionGroup section */
	};
	rootObject = F11856D11622548C00398592 /* Project object */;
}
